
Microsoft Visual Studio Solution File, Format Version 12.00
# Visual Studio Version 17
VisualStudioVersion = 17.12.35707.178 d17.12
MinimumVisualStudioVersion = 10.0.40219.1
Project("{FAE04EC0-301F-11D3-BF4B-00C04F79EFBC}") = "ReelkixVision.Web.Api", "ReelkixVision.Web.Api\ReelkixVision.Web.Api.csproj", "{3064BC4C-4585-44B1-A699-9A02B93A171D}"
EndProject
Project("{FAE04EC0-301F-11D3-BF4B-00C04F79EFBC}") = "ReelkixVision.Web.Domain", "ReelkixVision.Web.Domain\ReelkixVision.Web.Domain.csproj", "{D295847B-5596-45AF-9B64-108BE9025282}"
EndProject
Project("{FAE04EC0-301F-11D3-BF4B-00C04F79EFBC}") = "ReelkixVision.Web.Application", "ReelkixVision.Web.Application\ReelkixVision.Web.Application.csproj", "{0C0A28AB-7477-4404-8823-CBCDDF1CDE56}"
EndProject
Project("{FAE04EC0-301F-11D3-BF4B-00C04F79EFBC}") = "ReelkixVision.Web.Infrastructure", "ReelkixVision.Web.Infrastructure\ReelkixVision.Web.Infrastructure.csproj", "{711E07F4-2E3B-4100-B0CA-985158445DAA}"
EndProject
Global
	GlobalSection(SolutionConfigurationPlatforms) = preSolution
		Debug|Any CPU = Debug|Any CPU
		Release|Any CPU = Release|Any CPU
	EndGlobalSection
	GlobalSection(ProjectConfigurationPlatforms) = postSolution
		{3064BC4C-4585-44B1-A699-9A02B93A171D}.Debug|Any CPU.ActiveCfg = Debug|Any CPU
		{3064BC4C-4585-44B1-A699-9A02B93A171D}.Debug|Any CPU.Build.0 = Debug|Any CPU
		{3064BC4C-4585-44B1-A699-9A02B93A171D}.Release|Any CPU.ActiveCfg = Release|Any CPU
		{3064BC4C-4585-44B1-A699-9A02B93A171D}.Release|Any CPU.Build.0 = Release|Any CPU
		{D295847B-5596-45AF-9B64-108BE9025282}.Debug|Any CPU.ActiveCfg = Debug|Any CPU
		{D295847B-5596-45AF-9B64-108BE9025282}.Debug|Any CPU.Build.0 = Debug|Any CPU
		{D295847B-5596-45AF-9B64-108BE9025282}.Release|Any CPU.ActiveCfg = Release|Any CPU
		{D295847B-5596-45AF-9B64-108BE9025282}.Release|Any CPU.Build.0 = Release|Any CPU
		{0C0A28AB-7477-4404-8823-CBCDDF1CDE56}.Debug|Any CPU.ActiveCfg = Debug|Any CPU
		{0C0A28AB-7477-4404-8823-CBCDDF1CDE56}.Debug|Any CPU.Build.0 = Debug|Any CPU
		{0C0A28AB-7477-4404-8823-CBCDDF1CDE56}.Release|Any CPU.ActiveCfg = Release|Any CPU
		{0C0A28AB-7477-4404-8823-CBCDDF1CDE56}.Release|Any CPU.Build.0 = Release|Any CPU
		{711E07F4-2E3B-4100-B0CA-985158445DAA}.Debug|Any CPU.ActiveCfg = Debug|Any CPU
		{711E07F4-2E3B-4100-B0CA-985158445DAA}.Debug|Any CPU.Build.0 = Debug|Any CPU
		{711E07F4-2E3B-4100-B0CA-985158445DAA}.Release|Any CPU.ActiveCfg = Release|Any CPU
		{711E07F4-2E3B-4100-B0CA-985158445DAA}.Release|Any CPU.Build.0 = Release|Any CPU
	EndGlobalSection
	GlobalSection(SolutionProperties) = preSolution
		HideSolutionNode = FALSE
	EndGlobalSection
EndGlobal
